
Microsoft Visual Studio Solution File, Format Version 12.00
# Visual Studio Version 17
VisualStudioVersion = 17.0.31903.59
MinimumVisualStudioVersion = 10.0.40219.1
Project("{FAE04EC0-301F-11D3-BF4B-00C04F79EFBC}") = "API", "API\API.csproj", "{516A161F-85E9-4384-8106-6CD987BD8CB7}"
EndProject
Project("{FAE04EC0-301F-11D3-BF4B-00C04F79EFBC}") = "Application", "Application\Application.csproj", "{DD8C471A-C399-4294-AF94-641D1D2BA031}"
EndProject
Project("{FAE04EC0-301F-11D3-BF4B-00C04F79EFBC}") = "Domain", "Domain\Domain.csproj", "{81BC2B53-F984-4C3B-B703-854107BC99F9}"
EndProject
Project("{FAE04EC0-301F-11D3-BF4B-00C04F79EFBC}") = "Persistence", "Persistence\Persistence.csproj", "{6ED5C9DB-3329-4471-B16A-45579CA2E64F}"
EndProject
Project("{FAE04EC0-301F-11D3-BF4B-00C04F79EFBC}") = "Infrastructure", "Infrastructure\Infrastructure.csproj", "{4C650F33-87BA-4C0D-A80D-1C22B2DF22A3}"
EndProject
Global
	GlobalSection(SolutionConfigurationPlatforms) = preSolution
		Debug|Any CPU = Debug|Any CPU
		Release|Any CPU = Release|Any CPU
	EndGlobalSection
	GlobalSection(SolutionProperties) = preSolution
		HideSolutionNode = FALSE
	EndGlobalSection
	GlobalSection(ProjectConfigurationPlatforms) = postSolution
		{516A161F-85E9-4384-8106-6CD987BD8CB7}.Debug|Any CPU.ActiveCfg = Debug|Any CPU
		{516A161F-85E9-4384-8106-6CD987BD8CB7}.Debug|Any CPU.Build.0 = Debug|Any CPU
		{516A161F-85E9-4384-8106-6CD987BD8CB7}.Release|Any CPU.ActiveCfg = Release|Any CPU
		{516A161F-85E9-4384-8106-6CD987BD8CB7}.Release|Any CPU.Build.0 = Release|Any CPU
		{DD8C471A-C399-4294-AF94-641D1D2BA031}.Debug|Any CPU.ActiveCfg = Debug|Any CPU
		{DD8C471A-C399-4294-AF94-641D1D2BA031}.Debug|Any CPU.Build.0 = Debug|Any CPU
		{DD8C471A-C399-4294-AF94-641D1D2BA031}.Release|Any CPU.ActiveCfg = Release|Any CPU
		{DD8C471A-C399-4294-AF94-641D1D2BA031}.Release|Any CPU.Build.0 = Release|Any CPU
		{81BC2B53-F984-4C3B-B703-854107BC99F9}.Debug|Any CPU.ActiveCfg = Debug|Any CPU
		{81BC2B53-F984-4C3B-B703-854107BC99F9}.Debug|Any CPU.Build.0 = Debug|Any CPU
		{81BC2B53-F984-4C3B-B703-854107BC99F9}.Release|Any CPU.ActiveCfg = Release|Any CPU
		{81BC2B53-F984-4C3B-B703-854107BC99F9}.Release|Any CPU.Build.0 = Release|Any CPU
		{6ED5C9DB-3329-4471-B16A-45579CA2E64F}.Debug|Any CPU.ActiveCfg = Debug|Any CPU
		{6ED5C9DB-3329-4471-B16A-45579CA2E64F}.Debug|Any CPU.Build.0 = Debug|Any CPU
		{6ED5C9DB-3329-4471-B16A-45579CA2E64F}.Release|Any CPU.ActiveCfg = Release|Any CPU
		{6ED5C9DB-3329-4471-B16A-45579CA2E64F}.Release|Any CPU.Build.0 = Release|Any CPU
		{4C650F33-87BA-4C0D-A80D-1C22B2DF22A3}.Debug|Any CPU.ActiveCfg = Debug|Any CPU
		{4C650F33-87BA-4C0D-A80D-1C22B2DF22A3}.Debug|Any CPU.Build.0 = Debug|Any CPU
		{4C650F33-87BA-4C0D-A80D-1C22B2DF22A3}.Release|Any CPU.ActiveCfg = Release|Any CPU
		{4C650F33-87BA-4C0D-A80D-1C22B2DF22A3}.Release|Any CPU.Build.0 = Release|Any CPU
	EndGlobalSection
EndGlobal
